# THIS IS AN AUTOGENERATED FILE. DO NOT EDIT THIS FILE DIRECTLY.
# yarn lockfile v1


"@bluemind/backend.mail.api@^4.1.0":
  version "4.9.2595"
  resolved "https://forge.bluemind.net/nexus/repository/bm-npm/@bluemind/backend.mail.api/-/backend.mail.api-4.9.2595.tgz#4a412204ff3c9ef053ebf4d064aa7cbed49c19b7"
  integrity sha512-39wg+cKHxqpB3pX5uO5u38nJwFXAQm1MaWJQQAKgmSUNMKTP9ICayB0uv2XgX6vm3WtuOxihD7HV28P7kO/+rw==
  dependencies:
    axios "^0.18.0"

"@bluemind/conf@^4.1.0":
  version "4.9.2708"
  resolved "https://forge.bluemind.net/nexus/repository/bm-npm/@bluemind/conf/-/conf-4.9.2708.tgz#8036fd905855b110b0e880ee5265a40a35b32ecb"
  integrity sha512-0j9DszISxG4UQW27YsdEbkDL8crWds2Ui9PlDBxP9Ed3U/s8IH8yDH0+/85et2KqW+I+Ajemj8oj2wsBVGVWMA==
  dependencies:
    "@bluemind/eslint-config" "^4.1.0"
    "@bluemind/prettier-config" "^4.1.0"

"@bluemind/eslint-config@^4.1.0":
  version "4.9.2708"
  resolved "https://forge.bluemind.net/nexus/repository/bm-npm/@bluemind/eslint-config/-/eslint-config-4.9.2708.tgz#aa3d970012a546bda02796a3731b464f3edbce90"
  integrity sha512-H20aSD4Ua1T9Ei+Eppm0xCfx3muoy/k84kDZdzdMUgIp3I8F18XVIC4guhVsbTwDH1a0NiknpSqJe2e1AVV+bw==

"@bluemind/extensions@^4.1.0":
  version "4.9.2708"
  resolved "https://forge.bluemind.net/nexus/repository/bm-npm/@bluemind/extensions/-/extensions-4.9.2708.tgz#4b1e6afe5b4a8daf1730e8fde2116fbaef22995f"
  integrity sha512-qRuR+Uc0RzC6i5u6x1gfsEJ6EGPQztWfYQ/WyXi2ElG3uX3LA+ZDmui90AW6jnum43SciY8qEv0P7zFv+6atPg==
  dependencies:
    "@bluemind/global" "^4.1.0"

"@bluemind/global@^4.1.0":
  version "4.9.2708"
  resolved "https://forge.bluemind.net/nexus/repository/bm-npm/@bluemind/global/-/global-4.9.2708.tgz#2483f84f3bfe2a56cfac215edb23a3686d2dc2c3"
  integrity sha512-EYzByC695c+Z043TRTeQpul2JvZ6T8q2S58ocBfLI3QwBoFo2sGx1QC+2AlkXra7zyIfndmdMg1zdQqXXNgJ2A==

"@bluemind/prettier-config@^4.1.0":
  version "4.9.2708"
  resolved "https://forge.bluemind.net/nexus/repository/bm-npm/@bluemind/prettier-config/-/prettier-config-4.9.2708.tgz#a8d058c483841e4be744de8cb76a4e1181130553"
  integrity sha512-OTbrEJ/zYeSHAzoRVGdNps7M9iNy3r0AcOyAlxmpjNvZl5quXyGyndV1ZyLlow/MVYlPdDHG1Q0/6ToSNtV/Dg==

axios@^0.18.0:
  version "0.18.1"
  resolved "https://forge.bluemind.net/nexus/repository/npmjs/axios/-/axios-0.18.1.tgz#ff3f0de2e7b5d180e757ad98000f1081b87bcea3"
  integrity sha512-0BfJq4NSfQXd+SkFdrvFbG7addhYSBA2mQwISr46pD6E5iqkWg02RAs8vyTT/j0RTnoYmeXauBuSv1qKwR179g==
  dependencies:
    follow-redirects "1.5.10"
    is-buffer "^2.0.2"

debug@=3.1.0:
  version "3.1.0"
  resolved "https://forge.bluemind.net/nexus/repository/npmjs/debug/-/debug-3.1.0.tgz#5bb5a0672628b64149566ba16819e61518c67261"
  integrity sha512-OX8XqP7/1a9cqkxYw2yXss15f26NKWBpDXQd0/uK/KPqdQhxbPa994hnzjcE2VqQpDslf55723cKPUOGSmMY3g==
  dependencies:
    ms "2.0.0"

follow-redirects@1.5.10:
  version "1.5.10"
  resolved "https://forge.bluemind.net/nexus/repository/npmjs/follow-redirects/-/follow-redirects-1.5.10.tgz#7b7a9f9aea2fdff36786a94ff643ed07f4ff5e2a"
  integrity sha512-0V5l4Cizzvqt5D44aTXbFZz+FtyXV1vrDN6qrelxtfYQKW0KO0W2T/hkE8xvGa/540LkZlkaUjO4ailYTFtHVQ==
  dependencies:
    debug "=3.1.0"

idb@^7.1.0:
  version "7.1.0"
  resolved "https://forge.bluemind.net/nexus/repository/npmjs/idb/-/idb-7.1.0.tgz#2cc886be57738419e57f9aab58f647e5e2160270"
  integrity sha512-Wsk07aAxDsntgYJY4h0knZJuTxM73eQ4reRAO+Z1liOh8eMCJ/MoDS8fCui1vGT9mnjtl1sOu3I2i/W1swPYZg==

is-buffer@^2.0.2:
  version "2.0.5"
  resolved "https://forge.bluemind.net/nexus/repository/npmjs/is-buffer/-/is-buffer-2.0.5.tgz#ebc252e400d22ff8d77fa09888821a24a658c191"
  integrity sha512-i2R6zNFDwgEHJyQUtJEk0XFi1i0dPFn/oqjK3/vPCcDeJvW5NQ83V8QbicfF1SupOaB0h8ntgBC2YiE7dfyctQ==

ms@2.0.0:
  version "2.0.0"
  resolved "https://forge.bluemind.net/nexus/repository/npmjs/ms/-/ms-2.0.0.tgz#5608aeadfc00be6c2901df5f9861788de0d597c8"
  integrity sha512-Tpp60P6IUJDTuOq/5Z8cdskzJujfwqfOTkrwIwj7IRISpnkJnT6SyJ4PCPnGMoFjC9ddhal5KVIYtAt97ix05A==

workbox-core@6.5.4:
  version "6.5.4"
  resolved "https://forge.bluemind.net/nexus/repository/npmjs/workbox-core/-/workbox-core-6.5.4.tgz#df48bf44cd58bb1d1726c49b883fb1dffa24c9ba"
  integrity sha512-OXYb+m9wZm8GrORlV2vBbE5EC1FKu71GGp0H4rjmxmF4/HLbMCoTFws87M3dFwgpmg0v00K++PImpNQ6J5NQ6Q==

workbox-routing@^6.5.4:
  version "6.5.4"
  resolved "https://forge.bluemind.net/nexus/repository/npmjs/workbox-routing/-/workbox-routing-6.5.4.tgz#6a7fbbd23f4ac801038d9a0298bc907ee26fe3da"
  integrity sha512-apQswLsbrrOsBUWtr9Lf80F+P1sHnQdYodRo32SjiByYi36IDyL2r7BH1lJtFX8fwNHDa1QOVY74WKLLS6o5Pg==
  dependencies:
    workbox-core "6.5.4"
