# THIS IS AN AUTOGENERATED FILE. DO NOT EDIT THIS FILE DIRECTLY.
# yarn lockfile v1


"@bluemind/alert.store@^4.1.0":
  version "4.1.46844"
  resolved "https://forge.bluemind.net/nexus/repository/bm-npm/@bluemind/alert.store/-/alert.store-4.1.46844.tgz#b6ab333d22d122ffe6fc5d938b9bb3be11da8375"
  integrity sha512-UIRy1Gl3j3LLVvSv5J/BOpVl54geXj+jdTcLPWCBueCeaVIusUpZqNG+Zv2k/oVz5MAx2Pbm3t0oGuju/kWAyw==
  dependencies:
    lodash.clonedeep "4.5.0"

"@bluemind/backend.mail.api@^4.1.0":
  version "4.1.46844"
  resolved "https://forge.bluemind.net/nexus/repository/bm-npm/@bluemind/backend.mail.api/-/backend.mail.api-4.1.46844.tgz#c780fa8ec2be3b7ca8b93f159786d5c446196832"
  integrity sha512-OIZdex58aZgsusSQcfk9ImR49/nIs8fahOdJJHuKBRf9SQJM+NzsyyQuAWhSB0laT1EWtuJoKzE1mi8x4/m10Q==
  dependencies:
    axios "^0.18.0"

"@bluemind/contact@^4.1.0":
  version "4.1.46844"
  resolved "https://forge.bluemind.net/nexus/repository/bm-npm/@bluemind/contact/-/contact-4.1.46844.tgz#dd420c7b939b9cbdafea85421f8cb81a2f22b839"
  integrity sha512-nENSbeFfY945beASS7fgjVt+R3YJ+2HbRvDOOFC6HZAKyc5tjj7Ak/ogBxahrv2gGy6vPWa3FSfjrf1Iq6yuPA==

"@bluemind/date@^4.1.0":
  version "4.1.46844"
  resolved "https://forge.bluemind.net/nexus/repository/bm-npm/@bluemind/date/-/date-4.1.46844.tgz#ccddb9d84a1e1b06ff5c50edb61c233cfb706040"
  integrity sha512-uxXOYMKg6Z+XAT7vndnEYDfPTHHDegJVRMbTYNm1W17I3ktRxbWDR4HIAWck+XD6DFo8Qsva31+cp4gLhHBUNw==
  dependencies:
    lodash.isnumber "^3.0.3"
    lodash.isobject "^3.0.2"

"@bluemind/html-utils@^4.1.0":
  version "4.1.46844"
  resolved "https://forge.bluemind.net/nexus/repository/bm-npm/@bluemind/html-utils/-/html-utils-4.1.46844.tgz#4ac0bbc5171e4174e17cee75f9aaaac31f46350f"
  integrity sha512-Ko234vmauGiMvKbPMD/B1jaxmoljCPYVWpXHfxi3rl+H/x6/hKnfV+/q8wEQeT7mmVvjREjAf3+unT6jY+8Urg==
  dependencies:
    libphonenumber-js "^1.7.8"
    linkifyjs "^2.1.8"
    lodash.defaults "^4.2.0"
    lodash.repeat "^4.1.0"
    lodash.startswith "^4.2.1"

"@bluemind/i18n@^4.1.0":
  version "4.1.46844"
  resolved "https://forge.bluemind.net/nexus/repository/bm-npm/@bluemind/i18n/-/i18n-4.1.46844.tgz#078a6dc6f8073f61bc4b9ecf880c325c6ae098cd"
  integrity sha512-Fr6fsfUgCgh+jqxVKwoqzxLOX+Lw/WLz8YxhEjHo+/knO3+a6TzWIKdiGp0B+xaxz1144p8tTVRHMjzAcwGtxg==

"@bluemind/l10n@^4.1.0":
  version "4.1.46844"
  resolved "https://forge.bluemind.net/nexus/repository/bm-npm/@bluemind/l10n/-/l10n-4.1.46844.tgz#18cb2bb5787b58592f3fe0cd0f41f385fbc0d0aa"
  integrity sha512-QHyuhLA5fpZTLHIVXumyAGpbXWWh76mQcrMb8ka1OpRtykSu3xgvkxLpEc4goPWo8AfdwFe6QXWaqZkPCChi0A==

"@bluemind/styleguide@^0.1.0":
  version "0.1.790"
  resolved "https://forge.bluemind.net/nexus/repository/bm-npm/@bluemind/styleguide/-/styleguide-0.1.790.tgz#84752d5ed7a12ca0a7e9c259e80409d39a59c3a6"
  integrity sha512-au4ic6lI01NHyoJG0GTZ+asUfNRcctg2XlnUc3SCer7PqhbL285EQ0vsk9KcetjiQ2bRFich+oja3ZXTzbqqQw==
  dependencies:
    "@fortawesome/fontawesome-svg-core" "^1.2.12"
    "@fortawesome/vue-fontawesome" "^0.1.4"
    bootstrap "^4.1.1"
    bootstrap-vue "^2.0.0"
    lodash.clonedeep "^4.5.0"
    lodash.throttle "^4.1.1"
    tiptap "^1.26.1"
    tiptap-extensions "^1.28.3"
    vue-i18n "^8.14.0"

"@bluemind/webapp.mail.l10n@^4.1.0":
  version "4.1.46844"
  resolved "https://forge.bluemind.net/nexus/repository/bm-npm/@bluemind/webapp.mail.l10n/-/webapp.mail.l10n-4.1.46844.tgz#bd600c2f847a8e2087883985c3270788571bae72"
  integrity sha512-r3feXu8sXIcxbvhKPkfbeKNr8rKPiykxZ/M9gOsQM1F7oE5J+yOCY2X8kveAfZgGZM6WFQJJ0q+pERm309dHSg==

"@fortawesome/fontawesome-common-types@^0.2.26":
  version "0.2.26"
  resolved "https://forge.bluemind.net/nexus/repository/npmjs/@fortawesome/fontawesome-common-types/-/fontawesome-common-types-0.2.26.tgz#6e0b13a752676036f8196f8a1500d53a27b4adc1"
  integrity sha512-CcM/fIFwZlRdiWG/25xE/wHbtyUuCtqoCTrr6BsWw7hH072fR++n4L56KPydAr3ANgMJMjT8v83ZFIsDc7kE+A==

"@fortawesome/fontawesome-svg-core@^1.2.12":
  version "1.2.26"
  resolved "https://forge.bluemind.net/nexus/repository/npmjs/@fortawesome/fontawesome-svg-core/-/fontawesome-svg-core-1.2.26.tgz#671569271d6b532cdea5e3deb8ff16f8b7ac251d"
  integrity sha512-3Dfd/v2IztP1TxKOxZiB5+4kaOZK9mNy0KU1vVK7nFlPWz3gzxrCWB+AloQhQUoJ8HhGqbzjliK89Vl7PExGbw==
  dependencies:
    "@fortawesome/fontawesome-common-types" "^0.2.26"

"@fortawesome/vue-fontawesome@^0.1.4":
  version "0.1.9"
  resolved "https://forge.bluemind.net/nexus/repository/npmjs/@fortawesome/vue-fontawesome/-/vue-fontawesome-0.1.9.tgz#d3af6d4e50f337327de90447fe35fa1e117a2fbe"
  integrity sha512-h/emhmZz+DfB2zOGLWawNwXq82UYhn9waTfUjLLmeaIqtnIyNt6kYlpQT/vzJjLZRDRvY2IEJAh1di5qKpKVpA==

"@nuxt/opencollective@^0.3.0":
  version "0.3.0"
  resolved "https://forge.bluemind.net/nexus/repository/npmjs/@nuxt/opencollective/-/opencollective-0.3.0.tgz#11d8944dcf2d526e31660bb69570be03f8fb72b7"
  integrity sha512-Vf09BxCdj1iT2IRqVwX5snaY2WCTkvM0O4cWWSO1ThCFuc4if0Q/nNwAgCxRU0FeYHJ7DdyMUNSdswCLKlVqeg==
  dependencies:
    chalk "^2.4.2"
    consola "^2.10.1"
    node-fetch "^2.6.0"

ansi-styles@^3.2.1:
  version "3.2.1"
  resolved "https://forge.bluemind.net/nexus/repository/npmjs/ansi-styles/-/ansi-styles-3.2.1.tgz#41fbb20243e50b12be0f04b8dedbf07520ce841d"
  integrity sha512-VT0ZI6kZRdTh8YyJw3SMbYm/u+NqfsAxEpWO0Pf9sq8/e94WxxOpPKx9FR1FlyCtOVDNOQ+8ntlqFxiRc+r5qA==
  dependencies:
    color-convert "^1.9.0"

axios@^0.18.0:
  version "0.18.1"
  resolved "https://forge.bluemind.net/nexus/repository/npmjs/axios/-/axios-0.18.1.tgz#ff3f0de2e7b5d180e757ad98000f1081b87bcea3"
  integrity sha512-0BfJq4NSfQXd+SkFdrvFbG7addhYSBA2mQwISr46pD6E5iqkWg02RAs8vyTT/j0RTnoYmeXauBuSv1qKwR179g==
  dependencies:
    follow-redirects "1.5.10"
    is-buffer "^2.0.2"

bootstrap-vue@^2.0.0:
  version "2.2.0"
  resolved "https://forge.bluemind.net/nexus/repository/npmjs/bootstrap-vue/-/bootstrap-vue-2.2.0.tgz#cef661ec4875a45bdede38c629d26bd42ff5a111"
  integrity sha512-Y/n6wxMga0Be/RKb1tkAZfCXfSN9vPS66TRuva/MlJ+MqyxW9+htbsTOQj13Yq0oBw0aY5r6cVBlqoCEpZb7tQ==
  dependencies:
    "@nuxt/opencollective" "^0.3.0"
    bootstrap ">=4.4.1 <5.0.0"
    popper.js "^1.16.0"
    portal-vue "^2.1.7"
    vue-functional-data-merge "^3.1.0"

"bootstrap@>=4.4.1 <5.0.0", bootstrap@^4.1.1:
  version "4.4.1"
  resolved "https://forge.bluemind.net/nexus/repository/npmjs/bootstrap/-/bootstrap-4.4.1.tgz#8582960eea0c5cd2bede84d8b0baf3789c3e8b01"
  integrity sha512-tbx5cHubwE6e2ZG7nqM3g/FZ5PQEDMWmMGNrCUBVRPHXTJaH7CBDdsLeu3eCh3B1tzAxTnAbtmrzvWEvT2NNEA==

chalk@^2.4.2:
  version "2.4.2"
  resolved "https://forge.bluemind.net/nexus/repository/npmjs/chalk/-/chalk-2.4.2.tgz#cd42541677a54333cf541a49108c1432b44c9424"
  integrity sha512-Mti+f9lpJNcwF4tWV8/OrTTtF1gZi+f8FqlyAdouralcFWFQWF2+NgCHShjkCb+IFBLq9buZwE1xckQU4peSuQ==
  dependencies:
    ansi-styles "^3.2.1"
    escape-string-regexp "^1.0.5"
    supports-color "^5.3.0"

color-convert@^1.9.0:
  version "1.9.3"
  resolved "https://forge.bluemind.net/nexus/repository/npmjs/color-convert/-/color-convert-1.9.3.tgz#bb71850690e1f136567de629d2d5471deda4c1e8"
  integrity sha512-QfAUtd+vFdAtFQcC8CCyYt1fYWxSqAiK2cSD6zDB8N3cpsEBAvRxp9zOGg6G/SHHJYAT88/az/IuDGALsNVbGg==
  dependencies:
    color-name "1.1.3"

color-name@1.1.3:
  version "1.1.3"
  resolved "https://forge.bluemind.net/nexus/repository/npmjs/color-name/-/color-name-1.1.3.tgz#a7d0558bd89c42f795dd42328f740831ca53bc25"
  integrity sha1-p9BVi9icQveV3UIyj3QIMcpTvCU=

consola@^2.10.1:
  version "2.11.3"
  resolved "https://forge.bluemind.net/nexus/repository/npmjs/consola/-/consola-2.11.3.tgz#f7315836224c143ac5094b47fd4c816c2cd1560e"
  integrity sha512-aoW0YIIAmeftGR8GSpw6CGQluNdkWMWh3yEFjH/hmynTYnMtibXszii3lxCXmk8YxJtI3FAK5aTiquA5VH68Gw==

debug@=3.1.0:
  version "3.1.0"
  resolved "https://forge.bluemind.net/nexus/repository/npmjs/debug/-/debug-3.1.0.tgz#5bb5a0672628b64149566ba16819e61518c67261"
  integrity sha512-OX8XqP7/1a9cqkxYw2yXss15f26NKWBpDXQd0/uK/KPqdQhxbPa994hnzjcE2VqQpDslf55723cKPUOGSmMY3g==
  dependencies:
    ms "2.0.0"

escape-string-regexp@^1.0.5:
  version "1.0.5"
  resolved "https://forge.bluemind.net/nexus/repository/npmjs/escape-string-regexp/-/escape-string-regexp-1.0.5.tgz#1b61c0562190a8dff6ae3bb2cf0200ca130b86d4"
  integrity sha1-G2HAViGQqN/2rjuyzwIAyhMLhtQ=

fault@^1.0.2:
  version "1.0.3"
  resolved "https://forge.bluemind.net/nexus/repository/npmjs/fault/-/fault-1.0.3.tgz#4da88cf979b6b792b4e13c7ec836767725170b7e"
  integrity sha512-sfFuP4X0hzrbGKjAUNXYvNqsZ5F6ohx/dZ9I0KQud/aiZNwg263r5L9yGB0clvXHCkzXh5W3t7RSHchggYIFmA==
  dependencies:
    format "^0.2.2"

follow-redirects@1.5.10:
  version "1.5.10"
  resolved "https://forge.bluemind.net/nexus/repository/npmjs/follow-redirects/-/follow-redirects-1.5.10.tgz#7b7a9f9aea2fdff36786a94ff643ed07f4ff5e2a"
  integrity sha512-0V5l4Cizzvqt5D44aTXbFZz+FtyXV1vrDN6qrelxtfYQKW0KO0W2T/hkE8xvGa/540LkZlkaUjO4ailYTFtHVQ==
  dependencies:
    debug "=3.1.0"

format@^0.2.2:
  version "0.2.2"
  resolved "https://forge.bluemind.net/nexus/repository/npmjs/format/-/format-0.2.2.tgz#d6170107e9efdc4ed30c9dc39016df942b5cb58b"
  integrity sha1-1hcBB+nv3E7TDJ3DkBbflCtctYs=

has-flag@^3.0.0:
  version "3.0.0"
  resolved "https://forge.bluemind.net/nexus/repository/npmjs/has-flag/-/has-flag-3.0.0.tgz#b5d454dc2199ae225699f3467e5a07f3b955bafd"
  integrity sha1-tdRU3CGZriJWmfNGfloH87lVuv0=

highlight.js@~9.16.0:
  version "9.16.2"
  resolved "https://forge.bluemind.net/nexus/repository/npmjs/highlight.js/-/highlight.js-9.16.2.tgz#68368d039ffe1c6211bcc07e483daf95de3e403e"
  integrity sha512-feMUrVLZvjy0oC7FVJQcSQRqbBq9kwqnYE4+Kj9ZjbHh3g+BisiPgF49NyQbVLNdrL/qqZr3Ca9yOKwgn2i/tw==

is-buffer@^2.0.2:
  version "2.0.4"
  resolved "https://forge.bluemind.net/nexus/repository/npmjs/is-buffer/-/is-buffer-2.0.4.tgz#3e572f23c8411a5cfd9557c849e3665e0b290623"
  integrity sha512-Kq1rokWXOPXWuaMAqZiJW4XxsmD9zGx9q4aePabbn3qCRGedtH7Cm+zV8WETitMfu1wdh+Rvd6w5egwSngUX2A==

jquery@^3.3.1:
  version "3.4.1"
  resolved "https://forge.bluemind.net/nexus/repository/npmjs/jquery/-/jquery-3.4.1.tgz#714f1f8d9dde4bdfa55764ba37ef214630d80ef2"
  integrity sha512-36+AdBzCL+y6qjw5Tx7HgzeGCzC81MDDgaUP8ld2zhx58HdqXGoBd+tHdrBMiyjGQs0Hxs/MLZTu/eHNJJuWPw==

"js-tokens@^3.0.0 || ^4.0.0":
  version "4.0.0"
  resolved "https://forge.bluemind.net/nexus/repository/npmjs/js-tokens/-/js-tokens-4.0.0.tgz#19203fb59991df98e3a287050d4647cdeaf32499"
  integrity sha512-RdJUflcE3cUzKiMqQgsCu06FPu9UdIJO0beYbPhHN4k6apgJtifcoCtT9bcxOpYBtpD2kCM6Sbzg4CausW/PKQ==

libphonenumber-js@^1.7.8:
  version "1.7.30"
  resolved "https://forge.bluemind.net/nexus/repository/npmjs/libphonenumber-js/-/libphonenumber-js-1.7.30.tgz#6bbb1529643264fbb8c6fc27d1bbdfd0cac67856"
  integrity sha512-vs9MsmJ9P0EazowjybxgYlE5H2MbdnY/jWljt5rFr17uBEbYKLdUQCSOgxQXVfF9WREqGQSKx5/NyvpgxTpSkg==
  dependencies:
    minimist "^1.2.0"
    xml2js "^0.4.17"

linkifyjs@^2.1.8:
  version "2.1.8"
  resolved "https://forge.bluemind.net/nexus/repository/npmjs/linkifyjs/-/linkifyjs-2.1.8.tgz#2bee2272674dc196cce3740b8436c43df2162f9c"
  integrity sha512-j3QpiEr4UYzN5foKhrr9Sr06VI9vSlI4HisDWt+7Mq+TWDwpJ6H/LLpogYsXcyUIJLVhGblXXdUnblHsVNMPpg==
  optionalDependencies:
    jquery "^3.3.1"
    react "^16.4.2"
    react-dom "^16.4.2"

lodash.clonedeep@4.5.0, lodash.clonedeep@^4.5.0:
  version "4.5.0"
  resolved "https://forge.bluemind.net/nexus/repository/npmjs/lodash.clonedeep/-/lodash.clonedeep-4.5.0.tgz#e23f3f9c4f8fbdde872529c1071857a086e5ccef"
  integrity sha1-4j8/nE+Pvd6HJSnBBxhXoIblzO8=

lodash.debounce@^4.0.8:
  version "4.0.8"
  resolved "https://forge.bluemind.net/nexus/repository/npmjs/lodash.debounce/-/lodash.debounce-4.0.8.tgz#82d79bff30a67c4005ffd5e2515300ad9ca4d7af"
  integrity sha1-gteb/zCmfEAF/9XiUVMArZyk168=

lodash.defaults@^4.2.0:
  version "4.2.0"
  resolved "https://forge.bluemind.net/nexus/repository/npmjs/lodash.defaults/-/lodash.defaults-4.2.0.tgz#d09178716ffea4dde9e5fb7b37f6f0802274580c"
  integrity sha1-0JF4cW/+pN3p5ft7N/bwgCJ0WAw=

lodash.isnumber@^3.0.3:
  version "3.0.3"
  resolved "https://forge.bluemind.net/nexus/repository/npmjs/lodash.isnumber/-/lodash.isnumber-3.0.3.tgz#3ce76810c5928d03352301ac287317f11c0b1ffc"
  integrity sha1-POdoEMWSjQM1IwGsKHMX8RwLH/w=

lodash.isobject@^3.0.2:
  version "3.0.2"
  resolved "https://forge.bluemind.net/nexus/repository/npmjs/lodash.isobject/-/lodash.isobject-3.0.2.tgz#3c8fb8d5b5bf4bf90ae06e14f2a530a4ed935e1d"
  integrity sha1-PI+41bW/S/kK4G4U8qUwpO2TXh0=

lodash.last@^3.0.0:
  version "3.0.0"
  resolved "https://forge.bluemind.net/nexus/repository/npmjs/lodash.last/-/lodash.last-3.0.0.tgz#242f663112dd4c6e63728c60a3c909d1bdadbd4c"
  integrity sha1-JC9mMRLdTG5jcoxgo8kJ0b2tvUw=

lodash.repeat@^4.1.0:
  version "4.1.0"
  resolved "https://forge.bluemind.net/nexus/repository/npmjs/lodash.repeat/-/lodash.repeat-4.1.0.tgz#fc7de8131d8c8ac07e4b49f74ffe829d1f2bec44"
  integrity sha1-/H3oEx2MisB+S0n3T/6CnR8r7EQ=

lodash.startswith@^4.2.1:
  version "4.2.1"
  resolved "https://forge.bluemind.net/nexus/repository/npmjs/lodash.startswith/-/lodash.startswith-4.2.1.tgz#c598c4adce188a27e53145731cdc6c0e7177600c"
  integrity sha1-xZjErc4YiiflMUVzHNxsDnF3YAw=

lodash.throttle@^4.1.1:
  version "4.1.1"
  resolved "https://forge.bluemind.net/nexus/repository/npmjs/lodash.throttle/-/lodash.throttle-4.1.1.tgz#c23e91b710242ac70c37f1e1cda9274cc39bf2f4"
  integrity sha1-wj6RtxAkKscMN/HhzaknTMOb8vQ=

loose-envify@^1.1.0, loose-envify@^1.4.0:
  version "1.4.0"
  resolved "https://forge.bluemind.net/nexus/repository/npmjs/loose-envify/-/loose-envify-1.4.0.tgz#71ee51fa7be4caec1a63839f7e682d8132d30caf"
  integrity sha512-lyuxPGr/Wfhrlem2CL/UcnUc1zcqKAImBDzukY7Y5F/yQiNdko6+fRLevlw1HgMySw7f611UIY408EtxRSoK3Q==
  dependencies:
    js-tokens "^3.0.0 || ^4.0.0"

lowlight@1.13.0:
  version "1.13.0"
  resolved "https://forge.bluemind.net/nexus/repository/npmjs/lowlight/-/lowlight-1.13.0.tgz#9b4fd00559985e40e11c916ccab14c7c0cf4320d"
  integrity sha512-bFXLa+UO1eM3zieFAcNqf6rTQ1D5ERFv64/euQbbH/LT3U9XXwH6tOrgUAGWDsQ1QgN3ZhgOcv8p3/S+qKGdTQ==
  dependencies:
    fault "^1.0.2"
    highlight.js "~9.16.0"

minimist@^1.2.0:
  version "1.2.0"
  resolved "https://forge.bluemind.net/nexus/repository/npmjs/minimist/-/minimist-1.2.0.tgz#a35008b20f41383eec1fb914f4cd5df79a264284"
  integrity sha1-o1AIsg9BOD7sH7kU9M1d95omQoQ=

ms@2.0.0:
  version "2.0.0"
  resolved "https://forge.bluemind.net/nexus/repository/npmjs/ms/-/ms-2.0.0.tgz#5608aeadfc00be6c2901df5f9861788de0d597c8"
  integrity sha1-VgiurfwAvmwpAd9fmGF4jeDVl8g=

node-fetch@^2.6.0:
  version "2.6.0"
  resolved "https://forge.bluemind.net/nexus/repository/npmjs/node-fetch/-/node-fetch-2.6.0.tgz#e633456386d4aa55863f676a7ab0daa8fdecb0fd"
  integrity sha512-8dG4H5ujfvFiqDmVu9fQ5bOHUC15JMjMY/Zumv26oOvvVJjM67KF8koCWIabKQ1GJIa9r2mMZscBq/TbdOcmNA==

object-assign@^4.1.1:
  version "4.1.1"
  resolved "https://forge.bluemind.net/nexus/repository/npmjs/object-assign/-/object-assign-4.1.1.tgz#2109adc7965887cfc05cbbd442cac8bfbb360863"
  integrity sha1-IQmtx5ZYh8/AXLvUQsrIv7s2CGM=

orderedmap@^1.1.0:
  version "1.1.0"
  resolved "https://forge.bluemind.net/nexus/repository/npmjs/orderedmap/-/orderedmap-1.1.0.tgz#dc41a147130b51e203e8523ea5ea57724af2b63d"
  integrity sha512-abUlPCcmyI/17BWWoUWeAbnniTFUZuczP6iowD9XMBcUoD9jRtUO6w+KXkw64TDk+iHdyDfTAjIH7mTRzhXcaw==

popper.js@^1.16.0:
  version "1.16.0"
  resolved "https://forge.bluemind.net/nexus/repository/npmjs/popper.js/-/popper.js-1.16.0.tgz#2e1816bcbbaa518ea6c2e15a466f4cb9c6e2fbb3"
  integrity sha512-+G+EkOPoE5S/zChTpmBSSDYmhXJ5PsW8eMhH8cP/CQHMFPBG/kC9Y5IIw6qNYgdJ+/COf0ddY2li28iHaZRSjw==

portal-vue@^2.1.7:
  version "2.1.7"
  resolved "https://forge.bluemind.net/nexus/repository/npmjs/portal-vue/-/portal-vue-2.1.7.tgz#ea08069b25b640ca08a5b86f67c612f15f4e4ad4"
  integrity sha512-+yCno2oB3xA7irTt0EU5Ezw22L2J51uKAacE/6hMPMoO/mx3h4rXFkkBkT4GFsMDv/vEe8TNKC3ujJJ0PTwb6g==

prop-types@^15.6.2:
  version "15.7.2"
  resolved "https://forge.bluemind.net/nexus/repository/npmjs/prop-types/-/prop-types-15.7.2.tgz#52c41e75b8c87e72b9d9360e0206b99dcbffa6c5"
  integrity sha512-8QQikdH7//R2vurIJSutZ1smHYTcLpRWEOlHnzcWHmBYrOGUysKwSsrC89BCiFj3CbrfJ/nXFdJepOVrY1GCHQ==
  dependencies:
    loose-envify "^1.4.0"
    object-assign "^4.1.1"
    react-is "^16.8.1"

prosemirror-collab@1.2.2:
  version "1.2.2"
  resolved "https://forge.bluemind.net/nexus/repository/npmjs/prosemirror-collab/-/prosemirror-collab-1.2.2.tgz#8d2c0e82779cfef5d051154bd0836428bd6d9c4a"
  integrity sha512-tBnHKMLgy5Qmx9MYVcLfs3pAyjtcqYYDd9kp3y+LSiQzkhMQDfZSV3NXWe4Gsly32adSef173BvObwfoSQL5MA==
  dependencies:
    prosemirror-state "^1.0.0"

prosemirror-commands@1.1.2:
  version "1.1.2"
  resolved "https://forge.bluemind.net/nexus/repository/npmjs/prosemirror-commands/-/prosemirror-commands-1.1.2.tgz#6868cabc9f9112fba94c805139473527774b0dea"
  integrity sha512-JBa06kjgX67d9JVUVJbCkxwvSGtQnWAN/85nq9csOMS5Z9WZLEvVDtVvZranNlu8l/XNVBWrZxOOK+pB03eTfA==
  dependencies:
    prosemirror-model "^1.0.0"
    prosemirror-state "^1.0.0"
    prosemirror-transform "^1.0.0"

prosemirror-dropcursor@1.3.2:
  version "1.3.2"
  resolved "https://forge.bluemind.net/nexus/repository/npmjs/prosemirror-dropcursor/-/prosemirror-dropcursor-1.3.2.tgz#28738c4ed7102e814d7a8a26d70018523fc7cd6d"
  integrity sha512-4c94OUGyobGnwcQI70OXyMhE/9T4aTgjU+CHxkd5c7D+jH/J0mKM/lk+jneFVKt7+E4/M0D9HzRPifu8U28Thw==
  dependencies:
    prosemirror-state "^1.0.0"
    prosemirror-transform "^1.1.0"
    prosemirror-view "^1.1.0"

prosemirror-gapcursor@1.1.2:
  version "1.1.2"
  resolved "https://forge.bluemind.net/nexus/repository/npmjs/prosemirror-gapcursor/-/prosemirror-gapcursor-1.1.2.tgz#a1400a86a51d4cccc065e68d5625a9fb5bc623e0"
  integrity sha512-Z+eqk6RysZVxidGWN5aWoSTbn5bTHf1XZ+nQJVwUSdwdBVkfQMFdTHgfrXA8W5MhHHdNg/EEEYG3z3Zi/vE2QQ==
  dependencies:
    prosemirror-keymap "^1.0.0"
    prosemirror-model "^1.0.0"
    prosemirror-state "^1.0.0"
    prosemirror-view "^1.0.0"

prosemirror-history@1.1.2:
  version "1.1.2"
  resolved "https://forge.bluemind.net/nexus/repository/npmjs/prosemirror-history/-/prosemirror-history-1.1.2.tgz#3e8f11efbd316e98322028be67549df1f94fc6da"
  integrity sha512-erhxYS5gm/6MiXP8jUoJBgc8IbaqjHDVPl9KGg5JrMZOSSOwHv85+4Fb0Q7sYtv2fYwAjOSw/kSA9vkxJ6wOwA==
  dependencies:
    prosemirror-state "^1.2.2"
    prosemirror-transform "^1.0.0"
    rope-sequence "^1.3.0"

prosemirror-inputrules@1.1.2:
  version "1.1.2"
  resolved "https://forge.bluemind.net/nexus/repository/npmjs/prosemirror-inputrules/-/prosemirror-inputrules-1.1.2.tgz#487e46c763e1212a4577397aba7706139084f012"
  integrity sha512-Ja5Z3BWestlHYGvtSGqyvxMeB8QEuBjlHM8YnKtLGUXMDp965qdDV4goV8lJb17kIWHk7e7JNj6Catuoa3302g==
  dependencies:
    prosemirror-state "^1.0.0"
    prosemirror-transform "^1.0.0"

prosemirror-keymap@1.1.3, prosemirror-keymap@^1.0.0, prosemirror-keymap@^1.1.2:
  version "1.1.3"
  resolved "https://forge.bluemind.net/nexus/repository/npmjs/prosemirror-keymap/-/prosemirror-keymap-1.1.3.tgz#be22d6108df2521608e9216a87b1a810f0ed361e"
  integrity sha512-PRA4NzkUMzV/NFf5pyQ6tmlIHiW/qjQ1kGWUlV2rF/dvlOxtpGpTEjIMhWgLuMf+HiDEFnUEP7uhYXu+t+491g==
  dependencies:
    prosemirror-state "^1.0.0"
    w3c-keyname "^2.2.0"

prosemirror-model@1.8.2:
  version "1.8.2"
  resolved "https://forge.bluemind.net/nexus/repository/npmjs/prosemirror-model/-/prosemirror-model-1.8.2.tgz#c74eaacb0bbfea49b59a6d89fef5516181666a56"
  integrity sha512-piffokzW7opZVCjf/9YaoXvTC0g7zMRWKJib1hpphPfC+4x6ZXe5CiExgycoWZJe59VxxP7uHX8aFiwg2i9mUQ==
  dependencies:
    orderedmap "^1.1.0"

prosemirror-model@^1.0.0, prosemirror-model@^1.1.0, prosemirror-model@^1.8.1:
  version "1.9.0"
  resolved "https://forge.bluemind.net/nexus/repository/npmjs/prosemirror-model/-/prosemirror-model-1.9.0.tgz#ffca789c14d3874976961e43f150a3b72fd5c34a"
  integrity sha512-Szi/La1837KBTgfh4RsJURWZmuJv+KpxvCVhWHeHcC2NOjOdXaol0dbsUB1pHbxb/Tcw6poqtwN6wwXdViRrTQ==
  dependencies:
    orderedmap "^1.1.0"

prosemirror-schema-list@1.1.2:
  version "1.1.2"
  resolved "https://forge.bluemind.net/nexus/repository/npmjs/prosemirror-schema-list/-/prosemirror-schema-list-1.1.2.tgz#310809209094b03425da7f5c337105074913da6c"
  integrity sha512-dgM9PwtM4twa5WsgSYMB+J8bwjnR43DAD3L9MsR9rKm/nZR5Y85xcjB7gusVMSsbQ2NomMZF03RE6No6mTnclQ==
  dependencies:
    prosemirror-model "^1.0.0"
    prosemirror-transform "^1.0.0"

prosemirror-state@1.3.2, prosemirror-state@^1.0.0, prosemirror-state@^1.2.2, prosemirror-state@^1.3.1:
  version "1.3.2"
  resolved "https://forge.bluemind.net/nexus/repository/npmjs/prosemirror-state/-/prosemirror-state-1.3.2.tgz#1b910b0dc01c1f00926bb9ba1589f7b7ac0d658b"
  integrity sha512-t/JqE3aR0SV9QrzFVkAXsQwsgrQBNs/BDbcFH20RssW0xauqNNdjTXxy/J/kM7F+0zYi6+BRmz7cMMQQFU3mwQ==
  dependencies:
    prosemirror-model "^1.0.0"
    prosemirror-transform "^1.0.0"

prosemirror-tables@1.0.0:
  version "1.0.0"
  resolved "https://forge.bluemind.net/nexus/repository/npmjs/prosemirror-tables/-/prosemirror-tables-1.0.0.tgz#ec3d0b11e638c6a92dd14ae816d0a2efd1719b70"
  integrity sha512-zFw5Us4G5Vdq0yIj8GiqZOGA6ud5UKpMKElux9O0HrfmhkuGa1jf1PCpz2R5pmIQJv+tIM24H1mox/ODBAX37Q==
  dependencies:
    prosemirror-keymap "^1.1.2"
    prosemirror-model "^1.8.1"
    prosemirror-state "^1.3.1"
    prosemirror-transform "^1.2.1"
    prosemirror-view "^1.13.3"

prosemirror-transform@1.2.2:
  version "1.2.2"
  resolved "https://forge.bluemind.net/nexus/repository/npmjs/prosemirror-transform/-/prosemirror-transform-1.2.2.tgz#4439ae7e88ea1395d9beed6a4cd852d72b16ed2f"
  integrity sha512-expO11jAsxaHk2RdZtzPsumc1bAAZi4UiXwTLQbftsdnIUWZE5Snyag595p1lx/B8QHUZ6tYWWOaOkzXKoJmYw==
  dependencies:
    prosemirror-model "^1.0.0"

prosemirror-transform@^1.0.0, prosemirror-transform@^1.1.0, prosemirror-transform@^1.2.1:
  version "1.2.3"
  resolved "https://forge.bluemind.net/nexus/repository/npmjs/prosemirror-transform/-/prosemirror-transform-1.2.3.tgz#239d17591af24d39ef3f1999daa09e1f1c76b06a"
  integrity sha512-PUfayeskQfuUBXktvL6207ZWRwHBFNPNPiek4fR+LgCPnBofuEb2+L0FfbNtrAwffHVs6M3DaFvJB1W2VQdV0A==
  dependencies:
    prosemirror-model "^1.0.0"

prosemirror-utils@0.9.6:
  version "0.9.6"
  resolved "https://forge.bluemind.net/nexus/repository/npmjs/prosemirror-utils/-/prosemirror-utils-0.9.6.tgz#3d97bd85897e3b535555867dc95a51399116a973"
  integrity sha512-UC+j9hQQ1POYfMc5p7UFxBTptRiGPR7Kkmbl3jVvU8VgQbkI89tR/GK+3QYC8n+VvBZrtAoCrJItNhWSxX3slA==

prosemirror-view@1.13.4:
  version "1.13.4"
  resolved "https://forge.bluemind.net/nexus/repository/npmjs/prosemirror-view/-/prosemirror-view-1.13.4.tgz#01d873db7731e0aacc410a9038447d1b7536fd07"
  integrity sha512-mtgWEK16uYQFk3kijRlkSpAmDuy7rxYuv0pgyEBDmLT1PCPY8380CoaYnP8znUT6BXIGlJ8oTveK3M50U+B0vw==
  dependencies:
    prosemirror-model "^1.1.0"
    prosemirror-state "^1.0.0"
    prosemirror-transform "^1.1.0"

prosemirror-view@^1.0.0, prosemirror-view@^1.1.0, prosemirror-view@^1.13.3:
  version "1.13.7"
  resolved "https://forge.bluemind.net/nexus/repository/npmjs/prosemirror-view/-/prosemirror-view-1.13.7.tgz#d1f75a12f04e0b537a4cd2f0708326b4663b0a43"
  integrity sha512-P9Vrxe5/PJ68rJi/665NYAdj9hs9iXvvDo4OxD4G0rVmt4lna/n+H7BW1gT/ItDXdNR+LiU8c1mf/TX5RkJbxA==
  dependencies:
    prosemirror-model "^1.1.0"
    prosemirror-state "^1.0.0"
    prosemirror-transform "^1.1.0"

react-dom@^16.4.2:
  version "16.12.0"
  resolved "https://forge.bluemind.net/nexus/repository/npmjs/react-dom/-/react-dom-16.12.0.tgz#0da4b714b8d13c2038c9396b54a92baea633fe11"
  integrity sha512-LMxFfAGrcS3kETtQaCkTKjMiifahaMySFDn71fZUNpPHZQEzmk/GiAeIT8JSOrHB23fnuCOMruL2a8NYlw+8Gw==
  dependencies:
    loose-envify "^1.1.0"
    object-assign "^4.1.1"
    prop-types "^15.6.2"
    scheduler "^0.18.0"

react-is@^16.8.1:
  version "16.12.0"
  resolved "https://forge.bluemind.net/nexus/repository/npmjs/react-is/-/react-is-16.12.0.tgz#2cc0fe0fba742d97fd527c42a13bec4eeb06241c"
  integrity sha512-rPCkf/mWBtKc97aLL9/txD8DZdemK0vkA3JMLShjlJB3Pj3s+lpf1KaBzMfQrAmhMQB0n1cU/SUGgKKBCe837Q==

react@^16.4.2:
  version "16.12.0"
  resolved "https://forge.bluemind.net/nexus/repository/npmjs/react/-/react-16.12.0.tgz#0c0a9c6a142429e3614834d5a778e18aa78a0b83"
  integrity sha512-fglqy3k5E+81pA8s+7K0/T3DBCF0ZDOher1elBFzF7O6arXJgzyu/FW+COxFvAWXJoJN9KIZbT2LXlukwphYTA==
  dependencies:
    loose-envify "^1.1.0"
    object-assign "^4.1.1"
    prop-types "^15.6.2"

rope-sequence@^1.3.0:
  version "1.3.2"
  resolved "https://forge.bluemind.net/nexus/repository/npmjs/rope-sequence/-/rope-sequence-1.3.2.tgz#a19e02d72991ca71feb6b5f8a91154e48e3c098b"
  integrity sha512-ku6MFrwEVSVmXLvy3dYph3LAMNS0890K7fabn+0YIRQ2T96T9F4gkFf0vf0WW0JUraNWwGRtInEpH7yO4tbQZg==

sax@>=0.6.0:
  version "1.2.4"
  resolved "https://forge.bluemind.net/nexus/repository/npmjs/sax/-/sax-1.2.4.tgz#2816234e2378bddc4e5354fab5caa895df7100d9"
  integrity sha512-NqVDv9TpANUjFm0N8uM5GxL36UgKi9/atZw+x7YFnQ8ckwFGKrl4xX4yWtrey3UJm5nP1kUbnYgLopqWNSRhWw==

scheduler@^0.18.0:
  version "0.18.0"
  resolved "https://forge.bluemind.net/nexus/repository/npmjs/scheduler/-/scheduler-0.18.0.tgz#5901ad6659bc1d8f3fdaf36eb7a67b0d6746b1c4"
  integrity sha512-agTSHR1Nbfi6ulI0kYNK0203joW2Y5W4po4l+v03tOoiJKpTBbxpNhWDvqc/4IcOw+KLmSiQLTasZ4cab2/UWQ==
  dependencies:
    loose-envify "^1.1.0"
    object-assign "^4.1.1"

supports-color@^5.3.0:
  version "5.5.0"
  resolved "https://forge.bluemind.net/nexus/repository/npmjs/supports-color/-/supports-color-5.5.0.tgz#e2e69a44ac8772f78a1ec0b35b689df6530efc8f"
  integrity sha512-QjVjwdXIt408MIiAqCX4oUKsgU2EqAGzs2Ppkm4aQYbjm+ZEWEcW4SfFNTr4uMNZma0ey4f5lgLrkB0aX0QMow==
  dependencies:
    has-flag "^3.0.0"

tiptap-commands@^1.12.5:
  version "1.12.5"
  resolved "https://forge.bluemind.net/nexus/repository/npmjs/tiptap-commands/-/tiptap-commands-1.12.5.tgz#d2bd1adcc79fe47938bd64b91b6dec4688a88086"
  integrity sha512-wzQCH3CL1VWy6E47Hy+9kt882w7SND+FD9e9xAAsYhG/QI0cmuvAf/8doZZhUmYwkraYeF7/2bU04IXr36t44Q==
  dependencies:
    prosemirror-commands "1.1.2"
    prosemirror-inputrules "1.1.2"
    prosemirror-model "1.8.2"
    prosemirror-schema-list "1.1.2"
    prosemirror-state "1.3.2"
    prosemirror-tables "1.0.0"
    prosemirror-utils "0.9.6"
    tiptap-utils "^1.8.3"

tiptap-extensions@^1.28.3:
  version "1.28.6"
  resolved "https://forge.bluemind.net/nexus/repository/npmjs/tiptap-extensions/-/tiptap-extensions-1.28.6.tgz#ce3ca3ccd9c9658e749c5aa5e97255a70468eaff"
  integrity sha512-hkYKJHxkqmeIRyuOaVvsrC/IcoXZmBw/Gx4JJHPiCAKvLQyjgYZpNjbVH9nIgdlxLvVjFDVBoPWGHy00qGp8qQ==
  dependencies:
    lowlight "1.13.0"
    prosemirror-collab "1.2.2"
    prosemirror-history "1.1.2"
    prosemirror-model "1.8.2"
    prosemirror-state "1.3.2"
    prosemirror-tables "1.0.0"
    prosemirror-transform "1.2.2"
    prosemirror-utils "0.9.6"
    prosemirror-view "1.13.4"
    tiptap "^1.26.6"
    tiptap-commands "^1.12.5"

tiptap-utils@^1.8.3:
  version "1.8.3"
  resolved "https://forge.bluemind.net/nexus/repository/npmjs/tiptap-utils/-/tiptap-utils-1.8.3.tgz#fdfc8f7888f6e9ed0dae081f5f66b9f5429608a9"
  integrity sha512-SgqDTCA5ux17KKTpEV2YC54ugBWU2jzpiFlCmVckPjYl5BhmOwuJ1Q5H/8v/XGcnHDqP31Ui4lk31Vts4NmtTA==
  dependencies:
    prosemirror-model "1.8.2"
    prosemirror-state "1.3.2"
    prosemirror-tables "1.0.0"
    prosemirror-utils "0.9.6"

tiptap@^1.26.1, tiptap@^1.26.6:
  version "1.26.6"
  resolved "https://forge.bluemind.net/nexus/repository/npmjs/tiptap/-/tiptap-1.26.6.tgz#b287fa7cb1c20690868aee8dc526de5390b054f0"
  integrity sha512-U5qyYZi5IH7LhYwYrStRBp5MxF5MiGFLt9ogOAF/0N/LIg0XwVwe/AaSx0UH/s4dY7R8OvEa9u4qimO08Wp1LA==
  dependencies:
    prosemirror-commands "1.1.2"
    prosemirror-dropcursor "1.3.2"
    prosemirror-gapcursor "1.1.2"
    prosemirror-inputrules "1.1.2"
    prosemirror-keymap "1.1.3"
    prosemirror-model "1.8.2"
    prosemirror-state "1.3.2"
    prosemirror-view "1.13.4"
    tiptap-commands "^1.12.5"
    tiptap-utils "^1.8.3"

vue-functional-data-merge@^3.1.0:
  version "3.1.0"
  resolved "https://forge.bluemind.net/nexus/repository/npmjs/vue-functional-data-merge/-/vue-functional-data-merge-3.1.0.tgz#08a7797583b7f35680587f8a1d51d729aa1dc657"
  integrity sha512-leT4kdJVQyeZNY1kmnS1xiUlQ9z1B/kdBFCILIjYYQDqZgLqCLa0UhjSSeRX6c3mUe6U5qYeM8LrEqkHJ1B4LA==

vue-global-events@^1.1.2:
  version "1.1.2"
  resolved "https://forge.bluemind.net/nexus/repository/npmjs/vue-global-events/-/vue-global-events-1.1.2.tgz#aae6e221d095ab6fc82ce5d3a40ba3b9ebdfaab7"
  integrity sha512-iZv/IBUNzVkwN+OraP6bxvcy/yld3snrfK8M5np5afAstFEPMj78xj+slereYycNQ7/W+pdYkSDKoK7hjT5BPw==

vue-i18n@^8.14.0:
  version "8.15.3"
  resolved "https://forge.bluemind.net/nexus/repository/npmjs/vue-i18n/-/vue-i18n-8.15.3.tgz#9f947802d9b734fcb92e2ce724da654f2f9fc0f4"
  integrity sha512-PVNgo6yhOmacZVFjSapZ314oewwLyXHjJwAqjnaPN1GJAJd/dvsrShGzSiJuCX4Hc36G4epJvNXUwO8y7wEKew==

w3c-keyname@^2.2.0:
  version "2.2.2"
  resolved "https://forge.bluemind.net/nexus/repository/npmjs/w3c-keyname/-/w3c-keyname-2.2.2.tgz#7ea63170454bb19f1a3c6b628fc3dc8889276e91"
  integrity sha512-8Vs/aVwcy0IJACaPm4tyzh1fzehZE70bGSjEl3dDms5UXtWnaBElrSHC8lDDeak0Gk5jxKOFstL64/65o7Ge2A==

xml2js@^0.4.17:
  version "0.4.23"
  resolved "https://forge.bluemind.net/nexus/repository/npmjs/xml2js/-/xml2js-0.4.23.tgz#a0c69516752421eb2ac758ee4d4ccf58843eac66"
  integrity sha512-ySPiMjM0+pLDftHgXY4By0uswI3SPKLDw/i3UXbnO8M/p28zqexCUoPmQFrYD+/1BzhGJSs2i1ERWKJAtiLrug==
  dependencies:
    sax ">=0.6.0"
    xmlbuilder "~11.0.0"

xmlbuilder@~11.0.0:
  version "11.0.1"
  resolved "https://forge.bluemind.net/nexus/repository/npmjs/xmlbuilder/-/xmlbuilder-11.0.1.tgz#be9bae1c8a046e76b31127726347d0ad7002beb3"
  integrity sha512-fDlsI/kFEx7gLvbecc0/ohLG50fugQp8ryHzMTuW9vSa1GJ0XYWKnhsUx7oie3G98+r56aTQIUB4kht42R3JvA==
